
Microsoft Visual Studio Solution File, Format Version 12.00
# Visual Studio Version 16
VisualStudioVersion = 16.0.31702.278
MinimumVisualStudioVersion = 10.0.40219.1
Project("{FAE04EC0-301F-11D3-BF4B-00C04F79EFBC}") = "HelloWorld", "HelloWorld\HelloWorld.csproj", "{BAA24FFE-EBA8-46AF-99C2-6EA9AAA391EF}"
EndProject
Global
	GlobalSection(SolutionConfigurationPlatforms) = preSolution
		Debug|Any CPU = Debug|Any CPU
		Release|Any CPU = Release|Any CPU
	EndGlobalSection
	GlobalSection(ProjectConfigurationPlatforms) = postSolution
		{BAA24FFE-EBA8-46AF-99C2-6EA9AAA391EF}.Debug|Any CPU.ActiveCfg = Debug|Any CPU
		{BAA24FFE-EBA8-46AF-99C2-6EA9AAA391EF}.Debug|Any CPU.Build.0 = Debug|Any CPU
		{BAA24FFE-EBA8-46AF-99C2-6EA9AAA391EF}.Release|Any CPU.ActiveCfg = Release|Any CPU
		{BAA24FFE-EBA8-46AF-99C2-6EA9AAA391EF}.Release|Any CPU.Build.0 = Release|Any CPU
	EndGlobalSection
	GlobalSection(SolutionProperties) = preSolution
		HideSolutionNode = FALSE
	EndGlobalSection
	GlobalSection(ExtensibilityGlobals) = postSolution
		SolutionGuid = {870662BB-6867-4AA1-84FE-BC0E7E7FE204}
	EndGlobalSection
EndGlobal
